
Microsoft Visual Studio Solution File, Format Version 12.00
# Visual Studio 15
VisualStudioVersion = 15.0.27130.2010
MinimumVisualStudioVersion = 10.0.40219.1
Project("{FAE04EC0-301F-11D3-BF4B-00C04F79EFBC}") = "Samples.SerilogAspNetCore", "Samples.SerilogAspNetCore\Samples.SerilogAspNetCore.csproj", "{C913FE2F-8C71-45C8-8349-C0D45C17FC03}"
EndProject
Global
	GlobalSection(SolutionConfigurationPlatforms) = preSolution
		Debug|Any CPU = Debug|Any CPU
		Release|Any CPU = Release|Any CPU
	EndGlobalSection
	GlobalSection(ProjectConfigurationPlatforms) = postSolution
		{C913FE2F-8C71-45C8-8349-C0D45C17FC03}.Debug|Any CPU.ActiveCfg = Debug|Any CPU
		{C913FE2F-8C71-45C8-8349-C0D45C17FC03}.Debug|Any CPU.Build.0 = Debug|Any CPU
		{C913FE2F-8C71-45C8-8349-C0D45C17FC03}.Release|Any CPU.ActiveCfg = Release|Any CPU
		{C913FE2F-8C71-45C8-8349-C0D45C17FC03}.Release|Any CPU.Build.0 = Release|Any CPU
	EndGlobalSection
	GlobalSection(SolutionProperties) = preSolution
		HideSolutionNode = FALSE
	EndGlobalSection
	GlobalSection(ExtensibilityGlobals) = postSolution
		SolutionGuid = {00ECD98A-4419-446D-AA47-32D1C56B5435}
	EndGlobalSection
EndGlobal
